
Microsoft Visual Studio Solution File, Format Version 12.00
# Visual Studio Version 17
VisualStudioVersion = 17.14.36221.1 d17.14
MinimumVisualStudioVersion = 10.0.40219.1
Project("{FAE04EC0-301F-11D3-BF4B-00C04F79EFBC}") = "Session 06", "Session 06\Session 06.csproj", "{2F7D6867-5DAC-46DF-9AD6-20838CEBDDC0}"
EndProject
Global
	GlobalSection(SolutionConfigurationPlatforms) = preSolution
		Debug|Any CPU = Debug|Any CPU
		Release|Any CPU = Release|Any CPU
	EndGlobalSection
	GlobalSection(ProjectConfigurationPlatforms) = postSolution
		{2F7D6867-5DAC-46DF-9AD6-20838CEBDDC0}.Debug|Any CPU.ActiveCfg = Debug|Any CPU
		{2F7D6867-5DAC-46DF-9AD6-20838CEBDDC0}.Debug|Any CPU.Build.0 = Debug|Any CPU
		{2F7D6867-5DAC-46DF-9AD6-20838CEBDDC0}.Release|Any CPU.ActiveCfg = Release|Any CPU
		{2F7D6867-5DAC-46DF-9AD6-20838CEBDDC0}.Release|Any CPU.Build.0 = Release|Any CPU
	EndGlobalSection
	GlobalSection(SolutionProperties) = preSolution
		HideSolutionNode = FALSE
	EndGlobalSection
	GlobalSection(ExtensibilityGlobals) = postSolution
		SolutionGuid = {D9B0E3E8-BD31-416B-83DF-F2AF17772EFA}
	EndGlobalSection
EndGlobal
